
Microsoft Visual Studio Solution File, Format Version 12.00
# Visual Studio 14
VisualStudioVersion = 14.0.25420.1
MinimumVisualStudioVersion = 10.0.40219.1
Project("{F2A71F9B-5D33-465A-A702-920D77279786}") = "AkkaCharter", "AkkaCharter\AkkaCharter.fsproj", "{C6420C31-6C5A-4050-A24B-5872A67FABFA}"
EndProject
Project("{F2A71F9B-5D33-465A-A702-920D77279786}") = "AkkaCharter.Tests", "AkkaCharter.Tests\AkkaCharter.Tests.fsproj", "{C8728816-D694-43E9-8AD8-435B84B222FC}"
EndProject
Project("{2150E333-8FDC-42A3-9474-1A3956D46DE8}") = "Solution Items", "Solution Items", "{2FE58B70-D792-4610-B0EC-04A1CDBA3D31}"
	ProjectSection(SolutionItems) = preProject
		Tickers\Yahoo Ticker Symbols - Jan 2016.xlsx = Tickers\Yahoo Ticker Symbols - Jan 2016.xlsx
	EndProjectSection
EndProject
Global
	GlobalSection(SolutionConfigurationPlatforms) = preSolution
		Debug|Any CPU = Debug|Any CPU
		Release|Any CPU = Release|Any CPU
	EndGlobalSection
	GlobalSection(ProjectConfigurationPlatforms) = postSolution
		{C6420C31-6C5A-4050-A24B-5872A67FABFA}.Debug|Any CPU.ActiveCfg = Debug|Any CPU
		{C6420C31-6C5A-4050-A24B-5872A67FABFA}.Debug|Any CPU.Build.0 = Debug|Any CPU
		{C6420C31-6C5A-4050-A24B-5872A67FABFA}.Release|Any CPU.ActiveCfg = Release|Any CPU
		{C6420C31-6C5A-4050-A24B-5872A67FABFA}.Release|Any CPU.Build.0 = Release|Any CPU
		{C8728816-D694-43E9-8AD8-435B84B222FC}.Debug|Any CPU.ActiveCfg = Debug|Any CPU
		{C8728816-D694-43E9-8AD8-435B84B222FC}.Debug|Any CPU.Build.0 = Debug|Any CPU
		{C8728816-D694-43E9-8AD8-435B84B222FC}.Release|Any CPU.ActiveCfg = Release|Any CPU
		{C8728816-D694-43E9-8AD8-435B84B222FC}.Release|Any CPU.Build.0 = Release|Any CPU
	EndGlobalSection
	GlobalSection(SolutionProperties) = preSolution
		HideSolutionNode = FALSE
	EndGlobalSection
EndGlobal
